
Microsoft Visual Studio Solution File, Format Version 12.00
# Visual Studio 14
VisualStudioVersion = 14.0.23107.0
MinimumVisualStudioVersion = 10.0.40219.1
Project("{FAE04EC0-301F-11D3-BF4B-00C04F79EFBC}") = "bQsLoanModule", "bQsLoanModule\bQsLoanModule.csproj", "{F7C97812-6B43-4B4E-92FE-4EFED82B16A4}"
EndProject
Project("{FAE04EC0-301F-11D3-BF4B-00C04F79EFBC}") = "bQsLoanBusinessClasses", "bQsLoanBusinessClasses\bQsLoanBusinessClasses.csproj", "{505AFBEB-80E2-429F-9867-279324DE32BE}"
EndProject
Global
	GlobalSection(SolutionConfigurationPlatforms) = preSolution
		Debug|Any CPU = Debug|Any CPU
		Release|Any CPU = Release|Any CPU
	EndGlobalSection
	GlobalSection(ProjectConfigurationPlatforms) = postSolution
		{F7C97812-6B43-4B4E-92FE-4EFED82B16A4}.Debug|Any CPU.ActiveCfg = Debug|Any CPU
		{F7C97812-6B43-4B4E-92FE-4EFED82B16A4}.Debug|Any CPU.Build.0 = Debug|Any CPU
		{F7C97812-6B43-4B4E-92FE-4EFED82B16A4}.Release|Any CPU.ActiveCfg = Release|Any CPU
		{F7C97812-6B43-4B4E-92FE-4EFED82B16A4}.Release|Any CPU.Build.0 = Release|Any CPU
		{505AFBEB-80E2-429F-9867-279324DE32BE}.Debug|Any CPU.ActiveCfg = Debug|Any CPU
		{505AFBEB-80E2-429F-9867-279324DE32BE}.Debug|Any CPU.Build.0 = Debug|Any CPU
		{505AFBEB-80E2-429F-9867-279324DE32BE}.Release|Any CPU.ActiveCfg = Release|Any CPU
		{505AFBEB-80E2-429F-9867-279324DE32BE}.Release|Any CPU.Build.0 = Release|Any CPU
	EndGlobalSection
	GlobalSection(SolutionProperties) = preSolution
		HideSolutionNode = FALSE
	EndGlobalSection
EndGlobal
